dependencies:
- name: ingress-nginx
  repository: https://kubernetes.github.io/ingress-nginx
  version: 4.12.3
- name: postgresql-ha
  repository: oci://registry-1.docker.io/bitnamicharts
  version: 16.0.14
- name: redis
  repository: oci://registry-1.docker.io/bitnamicharts
  version: 21.2.5
- name: reloader
  repository: https://stakater.github.io/stakater-charts
  version: 2.1.4
- name: minio
  repository: oci://registry-1.docker.io/bitnamicharts
  version: 17.0.5
digest: sha256:6c6f89c0c149f10043bb4bee256d921c1435b19c2cb6c57eeaffa3cef7e69c12
generated: "2025-06-18T23:10:03.169056216Z"
