dependencies:
- name: ingress-nginx
  repository: https://kubernetes.github.io/ingress-nginx
  version: 4.13.0
- name: postgresql-ha
  repository: oci://registry-1.docker.io/bitnamicharts
  version: 16.0.22
- name: redis
  repository: oci://registry-1.docker.io/bitnamicharts
  version: 21.2.13
- name: reloader
  repository: https://stakater.github.io/stakater-charts
  version: 2.1.5
- name: minio
  repository: https://charts.min.io/
  version: 5.4.0
digest: sha256:a809fbbdcc1fb41b7849c09c6de15c9c7256caa82ed3f0b817d4e9cfb948080f
generated: "2025-07-24T04:59:05.255889495Z"
