dependencies:
- name: ingress-nginx
  repository: https://kubernetes.github.io/ingress-nginx
  version: 4.13.0
- name: postgresql
  repository: file://./charts/postgresql
  version: 0.1.0
- name: redis
  repository: file://./charts/redis
  version: 0.1.0
- name: reloader
  repository: https://stakater.github.io/stakater-charts
  version: 2.2.0
- name: minio
  repository: file://./charts/minio
  version: 0.1.0
digest: sha256:6a8db560ecf571317eab9a33119840a9ab8260570212172a0a41be4e6057fbcd
generated: "2025-08-05T16:33:30.20237+03:00"
