dependencies:
- name: victoria-metrics-single
  repository: https://victoriametrics.github.io/helm-charts/
  version: 0.16.0
- name: alloy
  repository: https://grafana.github.io/helm-charts
  version: 0.12.6
- name: metrics-server
  repository: https://kubernetes-sigs.github.io/metrics-server/
  version: 3.12.2
- name: kube-state-metrics
  repository: https://prometheus-community.github.io/helm-charts
  version: 5.31.0
- name: grafana
  repository: https://grafana.github.io/helm-charts
  version: 8.11.3
- name: loki
  repository: https://grafana.github.io/helm-charts
  version: 6.29.0
- name: prometheus-node-exporter
  repository: https://prometheus-community.github.io/helm-charts
  version: 4.45.0
digest: sha256:e4bde3a546f151e3dd6e7a8ca82132062fd30838bca444b532f6624da725b51f
generated: "2025-04-05T00:48:50.328863527Z"
