dependencies:
- name: victoria-metrics-single
  repository: https://victoriametrics.github.io/helm-charts/
  version: 0.24.6
- name: alloy
  repository: https://grafana.github.io/helm-charts
  version: 1.2.1
- name: metrics-server
  repository: https://kubernetes-sigs.github.io/metrics-server/
  version: 3.13.0
- name: kube-state-metrics
  repository: https://prometheus-community.github.io/helm-charts
  version: 6.3.0
- name: grafana
  repository: https://grafana.github.io/helm-charts
  version: 10.0.0
- name: loki
  repository: https://grafana.github.io/helm-charts
  version: 6.41.1
- name: prometheus-node-exporter
  repository: https://prometheus-community.github.io/helm-charts
  version: 4.48.0
- name: tempo
  repository: https://grafana.github.io/helm-charts
  version: 1.23.3
digest: sha256:16e55221ba445cf59efaa1697dcd4720607030f92605f2d2a588586aa840f946
generated: "2025-09-26T03:07:21.050052889Z"
