dependencies:
- name: victoria-metrics-single
  repository: https://victoriametrics.github.io/helm-charts/
  version: 0.17.1
- name: alloy
  repository: https://grafana.github.io/helm-charts
  version: 1.0.2
- name: metrics-server
  repository: https://kubernetes-sigs.github.io/metrics-server/
  version: 3.12.2
- name: kube-state-metrics
  repository: https://prometheus-community.github.io/helm-charts
  version: 5.33.0
- name: grafana
  repository: https://grafana.github.io/helm-charts
  version: 8.13.1
- name: loki
  repository: https://grafana.github.io/helm-charts
  version: 6.29.0
- name: prometheus-node-exporter
  repository: https://prometheus-community.github.io/helm-charts
  version: 4.45.3
- name: tempo
  repository: https://grafana.github.io/helm-charts
  version: 1.21.0
digest: sha256:858247309352b421a716dd0ce8d435eddecadf451c7f09a90db51f3380d4934b
generated: "2025-04-26T09:25:10.027759356Z"
