dependencies:
- name: besu-genesis
  repository: ""
  version: 1.0.6-pr
- name: besu-node
  repository: ""
  version: 1.0.6-pr
- name: besu-node
  repository: ""
  version: 1.0.6-pr
- name: besu-node
  repository: ""
  version: 1.0.6-pr
- name: besu-node
  repository: ""
  version: 1.0.6-pr
- name: besu-node
  repository: ""
  version: 1.0.6-pr
- name: besu-node
  repository: ""
  version: 1.0.6-pr
digest: sha256:9fa52a73af397c526067788c546a57e44954ef4fed970e49a43740659a85e89d
generated: "2025-06-03T11:12:03.198051+02:00"
