dependencies:
- name: support
  repository: ""
  version: '*'
- name: observability
  repository: ""
  version: '*'
- name: besu-network
  repository: ""
  version: '*'
- name: erpc
  repository: ""
  version: '*'
- name: blockscout
  repository: ""
  version: '*'
- name: thegraph
  repository: ""
  version: '*'
- name: portal
  repository: ""
  version: '*'
digest: sha256:192a456022084d224ece64f8bb7a2c14bf4f577d7fa5413618fe9292a1251483
generated: "2025-04-09T15:26:01.166377+03:00"
