dependencies:
- name: support
  repository: ""
  version: '*'
- name: observability
  repository: ""
  version: '*'
- name: network
  repository: oci://ghcr.io/settlemint/network-bootstrapper
  version: 1.0.16
- name: erpc
  repository: ""
  version: '*'
- name: blockscout
  repository: ""
  version: '*'
- name: graph-node
  repository: ""
  version: '*'
- name: portal
  repository: ""
  version: '*'
- name: hasura
  repository: ""
  version: '*'
- name: txsigner
  repository: ""
  version: '*'
- name: dapp
  repository: ""
  version: '*'
digest: sha256:f5bd55be19c1372988d8f5f30cf4169aadf1119a8651f6f7781dc9a2226367fb
generated: "2025-09-18T17:08:29.299172+02:00"
