version: 1
files:
  locales/en/auth.json:
    INVALID_USERNAME_OR_PASSWORD: ed5aee4d06f230f1f0d5673b618ce315
    EMAIL_NOT_VERIFIED: 739d286d26276f1151b48aa693921bda
    UNEXPECTED_ERROR: 4781bc094f8e6783856413bc98b47ae7
    USERNAME_IS_ALREADY_TAKEN: aecadb7efb9642c06105c0147ee65c5d
    USERNAME_TOO_SHORT: c48c7515967e0cf0f2c8c1d7ed2e9d20
    USERNAME_TOO_LONG: c0a85136f5e27418bab006ef94896000
    INVALID_USERNAME: 42f51d5723046dd7c2edeb1c05f9b038
    OTP_NOT_ENABLED: 92fbfd517b507c019e90e61a35fe4e14
    OTP_HAS_EXPIRED: 7d372e2a5f2866fb20c202f7348e9e3e
    TOTP_NOT_ENABLED: 705e666f3e03e6a0ebdf4335a909e188
    TWO_FACTOR_NOT_ENABLED: e969edb94c61988020e0d784362d633f
    BACKUP_CODES_NOT_ENABLED: 649b9100b34ef728e99beeb0396ba872
    INVALID_BACKUP_CODE: 66c933c98716518eb9a00eaa9e16a0b1
    INVALID_CODE: ebc5c5ce3d2e1a4b6e1a36ad4acd7bdb
    TOO_MANY_ATTEMPTS_REQUEST_NEW_CODE: 94695107b8ce0b836040591423b00df7
    INVALID_TWO_FACTOR_COOKIE: 45b88411ffabc2361f4279b0dbb35a07
    SUBSCRIPTION_NOT_FOUND: 6fe10729ec43fa9535546efa99c07801
    SUBSCRIPTION_PLAN_NOT_FOUND: 36bb4a342604735b47d06e5f40310b18
    ALREADY_SUBSCRIBED_PLAN: 75af361fa39654408e4c880035189f96
    UNABLE_TO_CREATE_CUSTOMER: 951f64fe7070130c9f776d38e4cafe87
    FAILED_TO_FETCH_PLANS: 1214fe28f17fb8f57fb546c77926d772
    EMAIL_VERIFICATION_REQUIRED: f359dc5d843935aa86d1d42092e4d6ea
    SUBSCRIPTION_NOT_ACTIVE: 641196b67491fd1560df31fe87fddf83
    SUBSCRIPTION_NOT_SCHEDULED_FOR_CANCELLATION: 94352043880566815567585e8a0dbd90
    INVALID_PHONE_NUMBER: e838bf08462dd7e6559b5f6bb5d9f62d
    PHONE_NUMBER_EXIST: cd12c82aae17397c175a864000a9bec4
    INVALID_PHONE_NUMBER_OR_PASSWORD: f83f6097bdac125e82a622e5c5dc56ed
    OTP_NOT_FOUND: ea259f57ffd7aa894813ea7415e96c3d
    OTP_EXPIRED: db79439eb3a3b94be61c88946ee72b88
    INVALID_OTP: 22bbc537f13d771eef6ea1fe8b364e5b
    PHONE_NUMBER_NOT_VERIFIED: 5fc653df31e0d4299248405cdfce6608
    CHALLENGE_NOT_FOUND: f8c6686dc51a28457648d57b696b7d7a
    YOU_ARE_NOT_ALLOWED_TO_REGISTER_THIS_PASSKEY: 78eb07cc5c2345f0aa96b255d1b0e772
    FAILED_TO_VERIFY_REGISTRATION: b817287b4dcf8a0bfe4697beb820fa52
    PASSKEY_NOT_FOUND: b2940691024ea152ca15cff543af2715
    AUTHENTICATION_FAILED: 98ebfec88dc36a3c46a50fab1c51313b
    UNABLE_TO_CREATE_SESSION: b09c96bebc8ae201b92cbfa6800ab01f
    FAILED_TO_UPDATE_PASSKEY: 81f319eb37008f0472aa6704492b910b
    YOU_ARE_NOT_ALLOWED_TO_CREATE_A_NEW_ORGANIZATION: 8977737daa6368adf7f5b0cd3a13c089
    YOU_HAVE_REACHED_THE_MAXIMUM_NUMBER_OF_ORGANIZATIONS: eb2e796ad0a37d2f087c8ca9c74b7d46
    ORGANIZATION_ALREADY_EXISTS: 58eb9ffece5252e8d7090987f48a97bc
    ORGANIZATION_NOT_FOUND: d69b24ed780e82fc4fe4c5fdc42a2001
    USER_IS_NOT_A_MEMBER_OF_THE_ORGANIZATION: 7b05879abecc59c6858d483c8e73d0de
    YOU_ARE_NOT_ALLOWED_TO_UPDATE_THIS_ORGANIZATION: d043e7882c0277df148147604b06b46e
    YOU_ARE_NOT_ALLOWED_TO_DELETE_THIS_ORGANIZATION: 5ce5e4dd250e9d25a9f9d80c12e10072
    NO_ACTIVE_ORGANIZATION: 1bfcca5c91f95a62c3d3bccb099dfd6a
    USER_IS_ALREADY_A_MEMBER_OF_THIS_ORGANIZATION: 13b8b9126293a33afc0acaa07a511452
    MEMBER_NOT_FOUND: d88a04750d261f71bd987081c5eb2093
    ROLE_NOT_FOUND: 2112a11afe5d118fed6e972cf6e66dde
    YOU_ARE_NOT_ALLOWED_TO_CREATE_A_NEW_TEAM: e88459fa12d95957ab4ef7f26914433d
    TEAM_ALREADY_EXISTS: bd9259d044bdf523c60b268dbdd57458
    TEAM_NOT_FOUND: ec5f9e11102ab13d6e500bbc55223fa0
    YOU_CANNOT_LEAVE_THE_ORGANIZATION_AS_THE_ONLY_OWNER: 7e49a5ee119c89b720f45d2ffa680058
    YOU_ARE_NOT_ALLOWED_TO_DELETE_THIS_MEMBER: 157adb628a6141b69fbeec4bfeebd117
    YOU_ARE_NOT_ALLOWED_TO_INVITE_USERS_TO_THIS_ORGANIZATION: 789686be308c02da1174f16f8b68fcc0
    USER_IS_ALREADY_INVITED_TO_THIS_ORGANIZATION: bb43eb58e760af9f557305236c2ba71e
    INVITATION_NOT_FOUND: f7d877b1f87b6093b99a226e31c84687
    YOU_ARE_NOT_THE_RECIPIENT_OF_THE_INVITATION: c5dbdfc7d8728b3016502be20d5c8395
    YOU_ARE_NOT_ALLOWED_TO_CANCEL_THIS_INVITATION: e21e27d6f1e728918828c02cb1c2a5b1
    INVITER_IS_NO_LONGER_A_MEMBER_OF_THE_ORGANIZATION: b815161a554086cdd479b21656ec6920
    YOU_ARE_NOT_ALLOWED_TO_INVITE_USER_WITH_THIS_ROLE: 809210953d04c68e6a1a05a715bc6465
    FAILED_TO_RETRIEVE_INVITATION: 003d19fc46747bc92201f67c2e31ab52
    YOU_HAVE_REACHED_THE_MAXIMUM_NUMBER_OF_TEAMS: 664695702d29e239c7fb1ab34f7dd83b
    UNABLE_TO_REMOVE_LAST_TEAM: 9470bcda6bb6f81ade01101fd3c71834
    YOU_ARE_NOT_ALLOWED_TO_UPDATE_THIS_MEMBER: 5a0201560d12ae17393f51d5c79dff6e
    ORGANIZATION_MEMBERSHIP_LIMIT_REACHED: 5204e1faf913e32789bb8426962426a8
    YOU_ARE_NOT_ALLOWED_TO_CREATE_TEAMS_IN_THIS_ORGANIZATION: 9c03d1caae7ea208a13e2cc81d2623b7
    YOU_ARE_NOT_ALLOWED_TO_DELETE_TEAMS_IN_THIS_ORGANIZATION: d9d145396c871febccba7af7037a40cc
    YOU_ARE_NOT_ALLOWED_TO_UPDATE_THIS_TEAM: 074fcca71592534f0a55c8f7d689a9eb
    YOU_ARE_NOT_ALLOWED_TO_DELETE_THIS_TEAM: 8e71ee6eb88e9c296aaff06691589b6f
    INVITATION_LIMIT_REACHED: 0181f4b9e80d893ea0a6f8e9a53ecf7d
    INVALID_SESSION_TOKEN: e95d0958bd0d1ce5e0d310204aed7566
    PASSWORD_COMPROMISED: c3a477c57011d71ac5d689202b8f8567
    INVALID_OAUTH_CONFIGURATION: 818bf2443419d54d7dcca975a03408b7
    INVALID_EMAIL: 7a1d9bcfeabd093e4ccc7dae7202846a
    USER_NOT_FOUND: 7750a1b46987b7f28fbf9975fef1866f
    TOO_MANY_ATTEMPTS: 7bfeaa7b6b2e9db7a4bb06790a6b23c7
    MISSING_SECRET_KEY: 1138f949295a361a86c84109cc200476
    SERVICE_UNAVAILABLE: cda051403b9abedac4d9f86de25031d9
    VERIFICATION_FAILED: 0d7553631e510030502ff8ce6c7f23b3
    MISSING_RESPONSE: 5e20334c1c18722467ade7c52f499546
    UNKNOWN_ERROR: db368315a3c02678b2de066c0815a3bd
    INVALID_METADATA_TYPE: 9c63f6b40c94ab03f23e8253986555f7
    REFILL_AMOUNT_AND_INTERVAL_REQUIRED: 2c8fb803af7221c3d79678c3c0f828a2
    REFILL_INTERVAL_AND_AMOUNT_REQUIRED: b60cadb7c5fd81a948614a95afd2ae05
    USER_BANNED: cd2139397c72983db6fdd35518b2fa13
    UNAUTHORIZED_SESSION: 10459b743c03e1ced0ebcd1916741bc6
    KEY_NOT_FOUND: d66153c086c6b314e1ce84b9343d0d1f
    KEY_DISABLED: d4c590417eafe7b797e33c60abe8f6be
    KEY_EXPIRED: 29ba143df6db1014cc89d697c2ebcfb3
    USAGE_EXCEEDED: 25293188f3d9906c4ec0dc8b989cdf21
    KEY_NOT_RECOVERABLE: 7afbd1f9969229649e0359630209428a
    EXPIRES_IN_IS_TOO_SMALL: ed9f2c973b716bcc8dcb064d8ab997dd
    EXPIRES_IN_IS_TOO_LARGE: f540bf3ceac277a448211fcdb4b0d2fa
    INVALID_REMAINING: 54222c5fedb4a2308d6d0b0b47c5b7aa
    INVALID_PREFIX_LENGTH: a42ab972f7569b3d766dfca05d761cad
    INVALID_NAME_LENGTH: 11e11b6a944b9f6727288b76c3ba67b6
    METADATA_DISABLED: cd55635cca70c2459e064b50f5e081bb
    RATE_LIMIT_EXCEEDED: 6c940e74c709aeafc58e299d78170182
    NO_VALUES_TO_UPDATE: 978ce69c21edffbf6b712850df5094a7
    KEY_DISABLED_EXPIRATION: ee7dd122225b48a52a15209fcb9d87cf
    INVALID_API_KEY: 090511929a49002b86062c01880c25af
    INVALID_USER_ID_FROM_API_KEY: d232ee6948b3162dcd587556032f3060
    INVALID_API_KEY_GETTER_RETURN_TYPE: c1a0b161a3e19882a90b5ed237bb54c3
    SERVER_ONLY_PROPERTY: 4264de48eb76ec689549ce414ea03b2c
    FAILED_TO_CREATE_USER: c123ff1059674d3bdd64bcdb4bd3d12b
    COULD_NOT_CREATE_SESSION: b6e46f256942c617f2cb58b580c5ad5d
    ANONYMOUS_USERS_CANNOT_SIGN_IN_AGAIN_ANONYMOUSLY: 7f3c8ba3fc9f33c5b2670f2575c0ef27
    USER_ALREADY_EXISTS: be51c7c7e4c703d9540e1c00eeaf8c65
    YOU_CANNOT_BAN_YOURSELF: a245fa0d9025033736e97d343b6775fe
    YOU_ARE_NOT_ALLOWED_TO_CHANGE_USERS_ROLE: 175a5d846c2597bbfffa93d74cab6b50
    YOU_ARE_NOT_ALLOWED_TO_CREATE_USERS: 9327c96795b45f58bedc2e160698aecf
    YOU_ARE_NOT_ALLOWED_TO_LIST_USERS: 04a8a7a3d60ca94c94c761ed9d112aba
    YOU_ARE_NOT_ALLOWED_TO_LIST_USERS_SESSIONS: 8d86e1c5d7899fdb756437dfd035d034
    YOU_ARE_NOT_ALLOWED_TO_BAN_USERS: c19c064d6df2db3e21c0914e1c5160ae
    YOU_ARE_NOT_ALLOWED_TO_IMPERSONATE_USERS: fbcee4d721705714cee63c686b618545
    YOU_ARE_NOT_ALLOWED_TO_REVOKE_USERS_SESSIONS: b0fd563fa77aa5482e71e9fd0904e8a7
    YOU_ARE_NOT_ALLOWED_TO_DELETE_USERS: 873f8488a4c8a81ffcc7177a6e5c0968
    YOU_ARE_NOT_ALLOWED_TO_SET_USERS_PASSWORD: e553e577fefe0decb3e1d4282134041c
    BANNED_USER: f282dd08ce19d1b97a2a0b2db83e6dba
    FAILED_TO_CREATE_SESSION: b27aaf5c12cfe7de6d9fafbbd2a8000a
    FAILED_TO_UPDATE_USER: cda85a8d396b3a9b409169426af38a80
    FAILED_TO_GET_SESSION: 5a837ed918cc75714e3eb455c96e2069
    INVALID_PASSWORD: b9cc1c888c5e063038cb092f25ec3709
    INVALID_EMAIL_OR_PASSWORD: 9fd9d177e7e4b2c184ced33c405c4dd8
    SOCIAL_ACCOUNT_ALREADY_LINKED: 3dc0df98ab0f50385e188d58121fb1b9
    PROVIDER_NOT_FOUND: 48d1f89f324fdb39c51be3b19e411ada
    INVALID_TOKEN: c519b63c1cd011a248e059ea140f4637
    ID_TOKEN_NOT_SUPPORTED: 20dea76ac082334d357b1760b0f11790
    FAILED_TO_GET_USER_INFO: 4e61c08a6ee71050855381df522529c6
    USER_EMAIL_NOT_FOUND: 4e5b949fe5eab9e9d271c28a3e16a649
    PASSWORD_TOO_SHORT: ef61483d26534cf8fbbdc3de6c141b97
    PASSWORD_TOO_LONG: a555148c7aeb403187000fcb95673de7
    EMAIL_CAN_NOT_BE_UPDATED: 907ff3100a9bc4793d6f33cb1d685d26
    CREDENTIAL_ACCOUNT_NOT_FOUND: f03839f481198d989860a872d4275f6d
    SESSION_EXPIRED: 273b22511e7da1f5530257828a5b7909
    FAILED_TO_UNLINK_LAST_ACCOUNT: 01757fb6239357f4f18f020d568450bc
    ACCOUNT_NOT_FOUND: 3593f141ce7e4f8d6611a2435093953c
    USER_ALREADY_HAS_PASSWORD: b22453bb2285e18d7f6db5e54fd48abf
    ACCOUNT: 08bd40c7543007ad06e4fce31618f6ec
    ACCOUNTS: 9b945efebb006547a94415eadaa12921
    ACCOUNTS_DESCRIPTION: f07652180861e323d5cbb2b73d007a8b
    ACCOUNTS_INSTRUCTIONS: 758b04ca54425eeec9619122bc12c186
    ADD_ACCOUNT: 1f78ae0500c549603a85262981982518
    ADD_PASSKEY: 4d4d292c43b67f0627811ef6597d12eb
    ALREADY_HAVE_AN_ACCOUNT: 21bdc5689c12595ae14298354d5550d5
    AVATAR: 32036005d1f6ed59803ba3e13c80993e
    AVATAR_DESCRIPTION: c8f5cec1cca3398c428d8f3e40c78e7b
    AVATAR_INSTRUCTIONS: e8b54ad90af18d0524e1d7ed2a85f8c4
    BACKUP_CODE_REQUIRED: 2c1f9fea2fc7d7c8e9064e1e55b022c0
    BACKUP_CODES: a1ce1c6fe344a71522aa053eaaeb31d9
    BACKUP_CODES_DESCRIPTION: 4867e1b95c00d98ef26620dfbfb6b6f8
    BACKUP_CODE_PLACEHOLDER: d1d9abc879a0d27df5ce2076ff2e9dc6
    BACKUP_CODE: cb3f7345c29d93e140faab076ea7a677
    CANCEL: ea4788705e6873b424c65e91c2846b19
    CHANGE_PASSWORD: 8f1e77e0d2be21da93cd4d9a939148f7
    CHANGE_PASSWORD_DESCRIPTION: aca77fc3fe5a46de34a6a16238dfcebf
    CHANGE_PASSWORD_INSTRUCTIONS: 9314a77b365ea98c193a7e7537d27c16
    CHANGE_PASSWORD_SUCCESS: 9bc75a1c6d94e70e8b96d8d59115c0bf
    CONFIRM_PASSWORD: 887f7db126221fe60d18c895d41dc8f6
    CONFIRM_PASSWORD_PLACEHOLDER: 887f7db126221fe60d18c895d41dc8f6
    CONFIRM_PASSWORD_REQUIRED: 354bc3bd43859629cafda2ff6a7378f5
    CONTINUE_WITH_AUTHENTICATOR: 4e76b6f730db8245dfa6b45a205af3eb
    COPIED_TO_CLIPBOARD: efc1a46f7b47e4d3cf60f13b6c89069b
    COPY_TO_CLIPBOARD: a612782072a3b8f151c5e2120ef20efd
    COPY_ALL_CODES: 35214a8920f8fe90c89fca0a0fdeb565
    CONTINUE: a0bfb8e59e6c13fc8d990781f77694fe
    CURRENT_PASSWORD: 4bc28f132d571b160ba407e143915de2
    CURRENT_PASSWORD_PLACEHOLDER: 4bc28f132d571b160ba407e143915de2
    CURRENT_SESSION: c620aba920847791d92fee85fd52208d
    DELETE: f2a6c498fb90ee345d997f888fce3b18
    DELETE_AVATAR: 02e08acc962b87f8037d8225ca9a1514
    DELETE_ACCOUNT: bee04ef1315b3f9562be34e2e28a7831
    DELETE_ACCOUNT_DESCRIPTION: 8287019f52c84ac395529994d1dbe9ed
    DELETE_ACCOUNT_INSTRUCTIONS: 1d5dfb6d7fbffd533fd1c3f028e58e34
    DELETE_ACCOUNT_VERIFY: 644b3ef8c4e09c9a409d7c987850d272
    DELETE_ACCOUNT_SUCCESS: cdac6e038678e7fde876bb5b4b06c116
    DISABLE_TWO_FACTOR: 2faa9be54d4e6b52eafd0e88922c9602
    DISABLED_CREDENTIALS_DESCRIPTION: 9d9fb655d2415c410742929bf5148fc9
    DONT_HAVE_AN_ACCOUNT: a5f61298da21626d0f490ebd06ecd811
    DONE: f92965e2c8a7afb3c1b9a5c09a263636
    EMAIL: ce8ae9da5b7cd6c3df2929543a9af92d
    EMAIL_DESCRIPTION: adb752af25dfcb4f350a2432b2ba78e1
    EMAIL_INSTRUCTIONS: b5bccda6d3a04e1d8f79846355290435
    EMAIL_IS_THE_SAME: da38e890e8646963e455b0fd1e29394f
    EMAIL_PLACEHOLDER: 0bc74af958460034621b0b7257bc178b
    EMAIL_REQUIRED: 2a81ce1d69a8c672b13f713fed8efbd7
    EMAIL_VERIFY_CHANGE: 754d1630d4db197e64cff8740689f942
    EMAIL_VERIFICATION: ae3bf409b7047299d860de058118f8e4
    ENABLE_TWO_FACTOR: aa75dc4a4b61370144af711b1c8dfff0
    IS_INVALID: 998b344cff693ad388a14ba89b1523c7
    IS_REQUIRED: 0a5fa53f3f20f67f98bd6c3b16df059d
    IS_THE_SAME: 03d951ab57f73fcbf21964ddd1d38bb9
    FORGOT_AUTHENTICATOR: 6262ad3247628118ad79f298f054ba1c
    FORGOT_PASSWORD: 9ec54ec336b65da6179cf750de33ecd7
    FORGOT_PASSWORD_ACTION: 733ae3eecadd5777cea5ce9a32379d7a
    FORGOT_PASSWORD_DESCRIPTION: 2468adf0e9c17ccdb922afd26c90820c
    FORGOT_PASSWORD_EMAIL: 0d611a99a2b6139072bbbf5f10f3bc28
    FORGOT_PASSWORD_LINK: 01a569ddc6cf67ddec2a683f0a5f5956
    LINK: 97e7c9a7d06eac006a28bf05467fcc8b
    MAGIC_LINK: fcbd31cec3e5d1d3f51db229362467eb
    MAGIC_LINK_ACTION: cd33b6cae1502d925b7c38d4ff43c5ac
    MAGIC_LINK_DESCRIPTION: f98c66f29b795d68c32be177e558f30f
    MAGIC_LINK_EMAIL: 82b881910c019e3a75e6557ee89cf5b7
    EMAIL_OTP: b7390c515c0219f47e5b3958a72e22b1
    EMAIL_OTP_SEND_ACTION: 8dab622763c6e4d607e1250d0c432dbd
    EMAIL_OTP_VERIFY_ACTION: 19a670b5e88dd1c460c6848ef0aea66f
    EMAIL_OTP_DESCRIPTION: 4c42eac137c9f2fcba5483b4eb4ffb6a
    EMAIL_OTP_VERIFICATION_SENT: 84a4a37c25c95b9f53b9e33dd17fab34
    NAME: 49ee3087348e8d44e1feda1917443987
    NAME_DESCRIPTION: db541a9f1700ce0f78d462a7ecb21a48
    NAME_INSTRUCTIONS: 1d9872bc27d142b25b907943cf7a0675
    NAME_PLACEHOLDER: 49ee3087348e8d44e1feda1917443987
    NEW_PASSWORD: ae3bb2a1ac61750150b606298091d38a
    NEW_PASSWORD_PLACEHOLDER: ae3bb2a1ac61750150b606298091d38a
    NEW_PASSWORD_REQUIRED: fcda5f218a942af5275bf95a103e053f
    ONE_TIME_PASSWORD: 9578e87253f80e80ebab05d4214c58af
    OR_CONTINUE_WITH: 4038e4c17bd41abe684a20af4c2cb0be
    PASSKEY: 816da2672a1205347a4ae8e9eb25f0bd
    PASSKEYS: f6caba65142b6763331050dec8b8509d
    PASSKEYS_DESCRIPTION: fcebe3d766553146aef947ff0da9cc24
    PASSKEYS_INSTRUCTIONS: d7e2d2d0bdd123271535d72b4ce9e4f0
    PERSONAL_ACCOUNT: cce324dc65b07096523dfa9cd6da1dff
    API_KEYS: b4717f6ab3c2357c13c0c2cd32dfc4ca
    API_KEYS_DESCRIPTION: 649a126ab346ba9414e4d28818b6ef0b
    API_KEYS_INSTRUCTIONS: 44d29c462c853803a6f0b50c08ded035
    CREATE_API_KEY: 35cd846f199e312c7fc78d231c4152c5
    CREATE_API_KEY_DESCRIPTION: dc5a4d0e81f6f668d3194dbff076e77c
    API_KEY_NAME_PLACEHOLDER: 17dcee9df9da51b6808235edb471700a
    API_KEY_CREATED: 46906edf876a3f62534fe9dd55b42e80
    CREATE_API_KEY_SUCCESS: a26aaf7bbd233fd1f552f3419e1228c8
    NEVER_EXPIRES: 382cd804de7eeee4598f3988c822f605
    EXPIRES: cfc36842a01da69c484ffdcc6782f437
    NO_EXPIRATION: 21f9de4a6d49964a901e9f8c1755cc52
    CREATE_ORGANIZATION: dc175a42f28a118ca86e17792d2e40eb
    ORGANIZATION: d6b258792ff06f82933c74eeb8aef591
    ORGANIZATION_NAME: 49ee3087348e8d44e1feda1917443987
    ORGANIZATION_NAME_PLACEHOLDER: 6760c32d3e2e5499d51a709f563ed39a
    ORGANIZATION_NAME_DESCRIPTION: f1f4e6cba2c4be80f678f6294b3fb6f5
    ORGANIZATION_NAME_INSTRUCTIONS: 1d9872bc27d142b25b907943cf7a0675
    ORGANIZATION_SLUG: 44d5eeae88410e85fdecd707d38f6b5e
    ORGANIZATION_SLUG_DESCRIPTION: 997fdc0426e9238a22b7fec3d30a4fe1
    ORGANIZATION_SLUG_INSTRUCTIONS: 7d6747ae0c69e953550e99fb4ad746d7
    ORGANIZATION_SLUG_PLACEHOLDER: 1efb1f3fc63fc3a640015171916f0f36
    CREATE_ORGANIZATION_SUCCESS: 435e0545f0bbfbbbe640e9e12e54c663
    PASSWORD: dc647eb65e6711e155375218212b3964
    PASSWORD_PLACEHOLDER: dc647eb65e6711e155375218212b3964
    PASSWORD_REQUIRED: 47be05698f8dd87bb445ceefce6abd0d
    PASSWORDS_DO_NOT_MATCH: 867cee98fdd724e7d5bc87f61ce657bc
    PROVIDERS: ebb4c7315a13fbb6d59f702992052318
    PROVIDERS_DESCRIPTION: bce05168fd5bab0f0cb80dfd2293dfe8
    RECOVER_ACCOUNT: 2c80e1885960debb7add4303a2e375ba
    RECOVER_ACCOUNT_ACTION: 9eff5f3c2ae7ebe3d104683527d2aec8
    RECOVER_ACCOUNT_DESCRIPTION: 16effef33995cc32a3ca952c7f25299d
    REMEMBER_ME: 878530871f0db73f004f5bd6591eeb76
    RESEND_CODE: c3784348fba7555b26853ec6c81e533a
    RESEND_VERIFICATION_EMAIL: dfdf2f349b19558e6bfb34b9f1793a03
    RESET_PASSWORD: 6072e83b7f35887c76e64920bd370f4a
    RESET_PASSWORD_ACTION: 6c9025c5d284889adb27111824de57e0
    RESET_PASSWORD_DESCRIPTION: fb74f25b8e31caa0541f56be5e89d08b
    RESET_PASSWORD_SUCCESS: b086e39450cc1801a75d6eb86f9642b8
    REQUEST_FAILED: b3e1f3f951a065d621dba454b2523365
    REVOKE: 21313f76b111bc0df501bf89fc96ba46
    DELETE_API_KEY: 020095d110bd925eaef1d4d926c6f0e3
    DELETE_API_KEY_CONFIRM: 2b23233a7c08a3d8b770851d29062b05
    API_KEY: d876ff8da67c3731ae25d8335a4168b4
    SIGN_IN: f2fdea440d768b85591e936a803c3631
    SIGN_IN_ACTION: 99dea78007133396a7b8ed70578ac6ae
    SIGN_IN_DESCRIPTION: dffc023a39b961ea424d84bfcaa35ecf
    SIGN_IN_USERNAME_DESCRIPTION: a5a358de2a2205f3a05b5e075b2a96b9
    SIGN_IN_WITH: 10fc35c1207dfc5711e182221e2bcbcf
    SIGN_OUT: 375e08625a2c38089b9e3a60f0e68325
    SIGN_UP: d67850bd126f070221dcfd5fa6317043
    SIGN_UP_ACTION: 2fdfd506efea08144c0794c32ca8250a
    SIGN_UP_DESCRIPTION: 59662631c17b489090002ce3cc7221f3
    SIGN_UP_EMAIL: 1bfdea4b3c28f272245b479442b6c21e
    SESSIONS: a9c4b6c9fbd990849d1f128dfc4ed3e7
    SESSIONS_DESCRIPTION: 84d33a513406e51ce0be6f7046b0705a
    SET_PASSWORD: af214972865d03cc4eb63ed9f0b75554
    SET_PASSWORD_DESCRIPTION: 1d6fa8ec7756f8042f239b97ac565b83
    SETTINGS: f4f70727dc34561dfde1a3c529b6205c
    SAVE: c9cc8cce247e49bae79f15173ce97354
    SECURITY: 2fae32629d4ef4fc6341f1751b405e45
    SWITCH_ACCOUNT: 3070961f4a1f186d4ab5331a23da9865
    TRUST_DEVICE: c13d4d68646284b1bfa04a6275552768
    TWO_FACTOR: fd921cd7108ed8e0e78e42770a191c6c
    TWO_FACTOR_ACTION: 19a670b5e88dd1c460c6848ef0aea66f
    TWO_FACTOR_DESCRIPTION: 1217adf8cb809b333bd61a7bac5d8cae
    TWO_FACTOR_CARD_DESCRIPTION: c5cd2026acb37ff1c740834b34580645
    TWO_FACTOR_DISABLE_INSTRUCTIONS: 6b05e3512afc05e95f00881d78f47fa7
    TWO_FACTOR_ENABLE_INSTRUCTIONS: 9b876f9d2939d546ae40310c5491233e
    TWO_FACTOR_ENABLED: 6a8d4351018ab80781a8cc0e1e4eb02b
    TWO_FACTOR_DISABLED: 660534dd3df8a215dda588e7bbb35436
    TWO_FACTOR_PROMPT: a60cdd3642fbe81545a3b93fe2b19dd6
    TWO_FACTOR_TOTP_LABEL: 71c0f214eb55953ffc00282ed1dc59ec
    SEND_VERIFICATION_CODE: 7e2700a685f079c40850288692875da8
    UNLINK: c1a39b6a60f8b2f87e23d60ab649d994
    UPDATED_SUCCESSFULLY: 3f9b87832191fff1d2136c2c2d699e76
    USERNAME: f6039d44b29456b20f8f373155ae4973
    USERNAME_DESCRIPTION: 0c88986397d088646f31cc5c728070e6
    USERNAME_INSTRUCTIONS: 1d9872bc27d142b25b907943cf7a0675
    USERNAME_PLACEHOLDER: f6039d44b29456b20f8f373155ae4973
    SIGN_IN_USERNAME_PLACEHOLDER: c8b1d00cf350d4af96cd763852d9c520
    VERIFY_YOUR_EMAIL: 9b767094721b25983b22dc98ea177e2f
    VERIFY_YOUR_EMAIL_DESCRIPTION: d510e89cb30864ea49204b671437da7a
    GO_BACK: 22b653bd8d2edcebb9e0036b4ac79262
    SESSION_NOT_FRESH: 550d0734cfdc682c5f77ce336296ac58
    UPLOAD_AVATAR: 78fa9a3de429f0a20ba049ce9b9cdc50
    LOGO: 8c2857a9ad1d8f31659e35e904e20fa6
    LOGO_DESCRIPTION: 92555fb66b287242468c4a616c1487d4
    LOGO_INSTRUCTIONS: 034497025c41b382eee77d8164f1f895
    UPLOAD: 91412465ea9169dfd901dd5e7c96dd99
    UPLOAD_LOGO: 400cd2c451482ff9830bf3ef2f6232f4
    DELETE_LOGO: c117e2e907cd6a538339a0cb036bc16f
    PRIVACY_POLICY: fa2ead697d9998cbc65c81384e6533d5
    TERMS_OF_SERVICE: 3b6c2b4caaf4f14f8d7feeddc4ac3f4d
    PROTECTED_BY_RECAPTCHA: ae827781d784fa960641d722fce97bd0
    BY_CONTINUING_YOU_AGREE: 41e723a9cb4c695ee74db8259541ed00
    USER: 8f9bfe9d1345237cb3b2b205864da075
    ORGANIZATIONS: fe8d31f91681817b4b1438c2933b8b75
    ORGANIZATIONS_DESCRIPTION: 606efbb66ff172397f5022e8e40374ae
    ORGANIZATIONS_INSTRUCTIONS: 98c3f5a3d13c0921935c929e073bd499
    LEAVE_ORGANIZATION: 172ccc9d5b0d1391c2207a03c56ed009
    LEAVE_ORGANIZATION_CONFIRM: 5ef69d710e62d121537fdf6d34680a8c
    LEAVE_ORGANIZATION_SUCCESS: 36a0b7483f4f841cd6c29f22f039e0df
    MANAGE_ORGANIZATION: 432e65a12e49c5ddb5197aa74a748a82
    REMOVE_MEMBER: 5f76745afd9e5ee8676f8949544bfb1a
    REMOVE_MEMBER_CONFIRM: 9992ddc32de397c73e03a628b2f1e9d1
    REMOVE_MEMBER_SUCCESS: 9d0c654c1cf8a53fb32ff0dc209f0277
    INVITE_MEMBER: 93be65a066108d774846987678068fda
    MEMBERS: ef53538ae41a651c7f72ab6cb1135d8c
    MEMBERS_DESCRIPTION: 9c1e64442b62c64f68a346f4d5112f4b
    MEMBERS_INSTRUCTIONS: cf55224e76fe11c36760b18b2c216b21
    INVITE_MEMBER_DESCRIPTION: 47d8317dacb63cc5632628a1743c788f
    ROLE: bbbabdbe1b262f75d99d62880b953be1
    SELECT_ROLE: 426f18770bd593d4e85931b6fef5cf56
    ADMIN: e3afed0047b08059d0fada10f400c1e5
    MEMBER: 858ba4765e53c712ef672a9570474b1d
    GUEST: adb831a7fdd83dd1e2a309ce7591dff8
    OWNER: b6f4a2ec6356bbd56d49f2096bf9d3d3
    UPDATE_ROLE_DESCRIPTION: a9f8c50f5fb4ad99a2602441337946e9
    UPDATE_ROLE: f30093c473bb5cbcdc3c4b40510b94cf
    MEMBER_ROLE_UPDATED: 1f04e2d8ef5743407ebd37ed7b93d75a
    SEND_INVITATION: c98bb69b0b5f0d2e54a751534306990b
    SEND_INVITATION_SUCCESS: 0400cf388e8d9ac4a04b7795fbbf81e6
    PENDING_INVITATIONS: cd5c1583e1cf121078bd6834b94c390b
    PENDING_INVITATIONS_DESCRIPTION: 12b98629b9db79eccd0adcc9c96767e6
    CANCEL_INVITATION: dbc4ab387902f5890b68aac0dc5ac2ad
    INVITATION_CANCELLED: ad5b8d55d819bd633aa713d83e8b99ee
    ACCEPT_INVITATION: 2d00d5f4c48ea66cb45772525a74f6ed
    ACCEPT_INVITATION_DESCRIPTION: 412c03d5ccb3ac07ffa2ed1c8d090966
    INVITATION_ACCEPTED: f48a6b9bcca736f327bb76dad3cf124c
    INVITATION_REJECTED: 4c75f8b27ab6b90eec5bca5a867bbad0
    ACCEPT: c4408d335012a56ff58937d78050efad
    REJECT: d98ac12774fca5c3cbaffe276840c55f
    INVITATION_EXPIRED: 23ab67c02440da3366b648dc3bc6e371
    DELETE_ORGANIZATION: fe600c6d4cca7d18968f0393314bedb2
    DELETE_ORGANIZATION_DESCRIPTION: e05aa9778bd874ebb89e57c227368c0a
    DELETE_ORGANIZATION_SUCCESS: a62bf5738c6ee8b5e7075ec9bba9a5da
    DELETE_ORGANIZATION_INSTRUCTIONS: 8511c3cac546827afb8226543b57d379
    SLUG_REQUIRED: 4247f28692b7725db044e25b05754705
    SLUG_DOES_NOT_MATCH: 89a6252af2cfa071dab74764a1446db0
  locales/en/general.json:
    appDescription: b54fe0114e381c5d1d50a3035367ce51
    appName: beb51bc2edd12e47a6c974bea2d6b018
    generating: 530a6ed46ff9e1aa707e0af48a465be7
    deploying: a51242b36009886a35d79b2c94644fb3
    continue: a0bfb8e59e6c13fc8d990781f77694fe
  locales/en/language.json:
    switch: 65e0cdf2dbafbee6bcb50b759c3eda6e
    changing: 33755d0adea182748db47fbe988cd953
  locales/en/theme.json:
    dark: a18366b217ebf811ad1886e4f4f865b2
    light: 9914a0ce04a7b7b6a8e39bec55064b82
    switch-to-mode: 66a8b43baa23b85e40869726ded57e76
    system: a45da96d0bf6575970f2d27af22be28a
    toggle-label: 5a9663b09544b4cfe12a13a805d7ac2b
  locales/en/onboarding.json:
    card-description: 81204b3925668c00b16b6e0aaa2e0ac1
    card-title: ab044cc207a6a77ad98238506d9db2d7
    platform.title: 4d256d7df05c5f604246875e75fb6706
    platform.description: b8123ce7a98204d06129a67082a7f205
    issuer.title: f0751bf43f841bdb074d957459f8ecd7
    issuer.description: f37246f61e3e21286753c12c232126d2
    investor.title: 948b1d236f026d87f26f637aa2095a7b
    investor.description: 07ccfb27ff21de7d0e6aa84c67814bee
    steps.wallet.title: 96f8ce72b5f7c7419f1170d8bf5c36c3
    steps.wallet.description: adbc5a54f3377cc8d12bf5e8bddd460f
    steps.system.title: f4ab320ccbad23a197a7dc05840a1458
    steps.system.description: aba1a747226f16730da32cd94e3e7852
    steps.assets.title: a24e4f92fcc9b04edfa7a02767783f8f
    steps.assets.description: 8c010ee85dac15044d02b881e27b346b
    steps.identity.title: f15212d2f54eb4fffa9d31a92c72f3bb
    steps.identity.description: 4898abafc735ff59dc53f6c0513335d5
    steps.identity.info: 8a8853c3498b6d94ade167a5b8f1ac61
    steps.identity.coming-soon: f2407056c089170d4df9dac66a284f38
    steps.identity.coming-soon-description: 569ce6673f5e50bd176b219ad8deea04
    wallet.title: b19fd27de8cf02263dfdb016c7ae1b3a
    wallet.description: 97eb264f4e21b122814bb35fb001caef
    wallet.info: e495b0474bc9165cb638c0bb3e3996ab
    wallet.generate: b19fd27de8cf02263dfdb016c7ae1b3a
    wallet.success: 07139e869d5e836b3037cee3535e4eb4
    wallet.generated: 785a44b11fbba1d1f7ab4f5c7d82f6fb
    wallet.already-exists: a3b4afce3fb409ea2ffe588dc646dce7
    wallet.creation-failed: 24cf78b0fbb6043397717b4822b84a3c
    system.title: dbb7dedefb52fc106d90291334585fb5
    system.description: 5b7dc55129adf9b640e4b23226872125
    system.info: 4d74e041f79251f0fa99e3433bf3ab92
    system.deploy: f4ab320ccbad23a197a7dc05840a1458
    system.deployed: d78de1c72dbd57cd4e96a13d7fd4ebe7
    system.success: f9bbf522dbc273dcf201ab4a43d92833
    system.messages.initial-loading: b8f11a0dde154753cb292e481e6702fc
    system.messages.no-result-error: b2bfac7a8d437c3d07ea07c994d146b5
    system.messages.default-error: f8e02211ac0130a830d587bac87b42eb
    system.messages.created: b424630dfc371f075b58f7416ed4a7f8
    system.messages.creating: aeed4d0567a9d224be507cd5972a77d4
    system.messages.creation-failed: a1397abac72cef5c39fb874344a2aadf
    system.messages.pending.mining: 7e81211cc0b69f5a74f512e32fcfb8b4
    system.messages.pending.indexing: a4b9d0a178b8a0163b964c356e5f7c0e
    system.messages.error: f8e02211ac0130a830d587bac87b42eb
    system.messages.timeout: 8ec6e1597f24b3b52a3632c90d3a796a
    system.transaction-tracking.stream-timeout: cbe53dbd250dd37bd2f50ceec686a7dd
    system.transaction-tracking.waiting-for-mining: 9ee734a2a25f27dfe1c789586d646665
    system.transaction-tracking.transaction-failed: fdcffec74278d04c83b6002a8a8ba4f8
    system.transaction-tracking.transaction-dropped: 17903938581c1a3ad698803cc17a6fdf
    system.transaction-tracking.waiting-for-indexing: 016439638e3dce772333d9dc01650124
    system.transaction-tracking.transaction-indexed: d4ffa53f2fea564c8161a6099bfaebf0
    system.transaction-tracking.indexing-timeout: 502c451ecefde17869022cc840444933
    assets.title: 71ffabb9266c22c9c7002ef3014b71cf
    assets.description: d87ac1a58f23916d54656000fd902c86
    assets.info: 811367d0bff99f3a52e870d5a791b8cf
    assets.select-label: 4333e007aa25273cc32d5d1564978d9e
    assets.select-description: d1f9c5ebdb5ce9efd621f6835b9f91f0
    assets.deploy: 26e7a0c8827452ae6383857453299484
    assets.deployed: 422ae968b691ccdab681891825961151
    assets.no-system: 27f9d7982b4c6e3045e9641216cd728f
    assets.descriptions.bond: 9eeac4a36524e0bfaa6a585152803c46
    assets.descriptions.equity: 3b7cb1c2e7008febc1715b8b974b21df
    assets.descriptions.fund: b2e5dc94cd2df8e917b8e3e3abd1b649
    assets.descriptions.stablecoin: 4f0bb2c6818d91ae052ad9f34586e503
    assets.descriptions.deposit: 7743e579d85431998cd86c740561b9cb
  locales/en/tokens.json:
    asset-types.bond: b98e3a37b62f7207c8a0a27e0c0d8777
    asset-types.equity: f38992a52cef8611666b2db431b493a6
    asset-types.fund: d42b2bb7ac17fc34a099909c0a2f1de9
    asset-types.stablecoin: 2f7d136a5b9efb222650243b1d38b6ff
    asset-types.deposit: b14b4095cfda93c81686ac81dea4dbed
    factory.create.title: 48ff6c45d10b30d2147fea6f189fcecd
    factory.create.description: 486fc4bc0058947c926ec7f99066810e
    factory.create.deploying: 17312e6003a0873f2b32eda82f7e44bf
    factory.create.completed: e501702acedf6ff0b99ae0ffbacd9d39
    factory.create.all-completed: b66b74fca70055c14ca5b82433987cd8
    factory.create.error.system-not-found: 1e67a31249244f3ce574957c0aeae44d
    factory.create.error.system-not-bootstrapped: 402e92c25f77cfc4a4660f87adda61bb
    factory.create.error.no-result: fb372574d84ee9dcecdad7dcfdd4dc6b
    factory.create.error.default: 6396c9436e682af92424d632c0d02040
    factory.create.success: 776e88e3cbb241930801db43f2632cc7
