[[dependencies]]
name = "@onchainid"
version = "v2.2.1"
git = "https://github.com/onchain-id/solidity.git"
rev = "a483cda6821e3883497972d36d0c4c1e1693e483"

[[dependencies]]
name = "@openzeppelin-contracts"
version = "5.2.0"
url = "https://soldeer-revisions.s3.amazonaws.com/@openzeppelin-contracts/5_2_0_11-01-2025_09:30:20_contracts.zip"
checksum = "6dbd0440446b2ed16ca25e9f1af08fc0c5c1e73e71fee86ae8a00daa774e3817"
integrity = "4cb7f3777f67fdf4b7d0e2f94d2f93f198b2e5dce718b7062ac7c2c83e1183bd"

[[dependencies]]
name = "@openzeppelin-contracts-upgradeable"
version = "5.2.0"
url = "https://soldeer-revisions.s3.amazonaws.com/@openzeppelin-contracts-upgradeable/5_2_0_11-01-2025_09:30:25_contracts-upgradeable.zip"
checksum = "25d9cf22b6f4d8da7975f24234eefbf6c71348464ea74c8fdd481be3811767f5"
integrity = "498747bedc3f757976da0b6125d26a63e79bb2b4dbabd8ecd2547e809a2fa27e"

[[dependencies]]
name = "eas-contracts"
version = "1.4.0"
git = "https://github.com/ethereum-attestation-service/eas-contracts.git"
rev = "d223e17208aa110dd5ec694d77324a2321d93201"

[[dependencies]]
name = "forge-std"
version = "1.9.6"
url = "https://soldeer-revisions.s3.amazonaws.com/forge-std/1_9_6_01-02-2025_20:49:10_forge-std-1.9.zip"
checksum = "55f341818321b3f925161a72fd0dcd62e4a0a4b66785a7a932bf2bfaf96fb9d1"
integrity = "e9ecdc364d152157431e5df5aa041ffddbe9bb1c1ad81634b1e72df9e23814e8"

[[dependencies]]
name = "openzeppelin-community-contracts"
version = "0.0.1"
git = "https://github.com/OpenZeppelin/openzeppelin-community-contracts.git"
rev = "e33f73d1957e46b9ed17c319ed607bb3c7137944"

[[dependencies]]
name = "smart-protocol"
version = "8.0.11"
url = "https://soldeer-revisions.s3.amazonaws.com/smart-protocol/8_0_11_16-05-2025_15:04:07_solidity-smart-protocol.zip"
checksum = "63bdae7202aba505f1544fca51481bfad6b4160e75cf592c024f4111e4eae314"
integrity = "5965e70049aaec6f9fb4807ad77395febcec3afb745fdbddd7baeef23535c6ea"
