[[dependencies]]
name = "@openzeppelin-contracts"
version = "5.2.0"
source = "https://soldeer-revisions.s3.amazonaws.com/@openzeppelin-contracts/5_2_0_11-01-2025_09:30:20_contracts.zip"
checksum = "6dbd0440446b2ed16ca25e9f1af08fc0c5c1e73e71fee86ae8a00daa774e3817"
integrity = "a54240487b1b3c8f6b9a8d2655015c9acd325d753e765db53151693536ce6eb4"

[[dependencies]]
name = "forge-std"
version = "1.9.5"
source = "https://soldeer-revisions.s3.amazonaws.com/forge-std/1_9_5_21-12-2024_15:04:05_forge-std-1.9.zip"
checksum = "57ada736f383289db77fac4472d48f820e7c98172cf9b01681b0c37065ce043f"
integrity = "4753ffdfa0dde40878372b6a4d8e8fd1648b190b33996896c8b92f6f1680850f"

[[dependencies]]
name = "openzeppelin-community-contracts"
version = "0.0.1"
source = "https://github.com/OpenZeppelin/openzeppelin-community-contracts.git"
checksum = "e33f73d1957e46b9ed17c319ed607bb3c7137944"
